{
  "object": {
    "pins": [
      {
        "package": "DeviceKit",
        "repositoryURL": "https://github.com/devicekit/DeviceKit.git",
        "state": {
          "branch": null,
          "revision": "dbddb0296e3ee4f83d52f9681e42705020a533e4",
          "version": "4.2.1"
        }
      }
    ]
  },
  "version": 1
}
